
Microsoft Visual Studio Solution File, Format Version 12.00
# Visual Studio Version 16
VisualStudioVersion = 16.0.34301.259
MinimumVisualStudioVersion = 10.0.40219.1
Project("{FAE04EC0-301F-11D3-BF4B-00C04F79EFBC}") = "QLBH_ASP", "QLBH_ASP\QLBH_ASP.csproj", "{DD58C26A-ABC0-4E0D-A479-87DA4A611ACE}"
EndProject
Global
	GlobalSection(SolutionConfigurationPlatforms) = preSolution
		Debug|Any CPU = Debug|Any CPU
		Release|Any CPU = Release|Any CPU
	EndGlobalSection
	GlobalSection(ProjectConfigurationPlatforms) = postSolution
		{DD58C26A-ABC0-4E0D-A479-87DA4A611ACE}.Debug|Any CPU.ActiveCfg = Debug|Any CPU
		{DD58C26A-ABC0-4E0D-A479-87DA4A611ACE}.Debug|Any CPU.Build.0 = Debug|Any CPU
		{DD58C26A-ABC0-4E0D-A479-87DA4A611ACE}.Release|Any CPU.ActiveCfg = Release|Any CPU
		{DD58C26A-ABC0-4E0D-A479-87DA4A611ACE}.Release|Any CPU.Build.0 = Release|Any CPU
	EndGlobalSection
	GlobalSection(SolutionProperties) = preSolution
		HideSolutionNode = FALSE
	EndGlobalSection
	GlobalSection(ExtensibilityGlobals) = postSolution
		SolutionGuid = {1A5AE15B-68AF-499A-9969-F33FCAA44CC2}
	EndGlobalSection
EndGlobal
